
Microsoft Visual Studio Solution File, Format Version 12.00
# Visual Studio Version 16
VisualStudioVersion = 16.0.30717.126
MinimumVisualStudioVersion = 10.0.40219.1
Project("{8BC9CEB8-8B4A-11D0-8D11-00A0C91BC942}") = "Cpp01–Premier_programme_C++_simple", "Cpp01_s\Cpp01_s.vcxproj", "{D8EE458F-80C5-495E-9E9B-4367DA32D032}"
EndProject
Project("{8BC9CEB8-8B4A-11D0-8D11-00A0C91BC942}") = "Cpp02-Affichage_de_variables_de_types_primitifs", "Cpp02_s\Cpp02_s.vcxproj", "{31DD49E5-515A-4A85-8293-2CBC9428B585}"
EndProject
Project("{8BC9CEB8-8B4A-11D0-8D11-00A0C91BC942}") = "Cpp03-Saisie_dun_nombre_decimal_calcul_affichage_du_resultat", "Cpp03_s\Cpp03_s.vcxproj", "{9C7EF05B-F215-4418-A5CE-D1A4AD15493C}"
EndProject
Project("{8BC9CEB8-8B4A-11D0-8D11-00A0C91BC942}") = "Cpp04-Definition_dune_classe_creation_dobjets_de_cette_classe", "Cpp04_s\Cpp04_s.vcxproj", "{51CB5B79-C7B9-434C-A1B3-377B5114D4CC}"
EndProject
Project("{8BC9CEB8-8B4A-11D0-8D11-00A0C91BC942}") = "Cpp05-Surcharge_de_methode_dans_la_classe_Counter", "Cpp05_s\Cpp05_s.vcxproj", "{509866C8-254D-4779-A2EE-0F442CC13C89}"
EndProject
Project("{8BC9CEB8-8B4A-11D0-8D11-00A0C91BC942}") = "Cpp06-Mise_en_place_de_trois_constructeurs_dans_la_classe_Counter", "Cpp06_s\Cpp06_s.vcxproj", "{92E01D9C-69DD-4144-AF52-B1BD2403B996}"
EndProject
Project("{8BC9CEB8-8B4A-11D0-8D11-00A0C91BC942}") = "Cpp07-Mise_en_place_dun_destructeur_dans_la_classe_Counter", "Cpp07_s\Cpp07_s.vcxproj", "{D3D1EE77-3396-4473-B1DF-5277C9845A3E}"
EndProject
Project("{8BC9CEB8-8B4A-11D0-8D11-00A0C91BC942}") = "Cpp08-Definir_la_classe_Counter_dans_un_fichier_en-tete_et_ses_methodes_dans_un_fichier_source", "Cpp08_s\Cpp08_s.vcxproj", "{B380A462-0957-4B15-9F56-845D5DF73C09}"
EndProject
Project("{8BC9CEB8-8B4A-11D0-8D11-00A0C91BC942}") = "Cpp09-Mettre_en_place_une_methode_comportant_un_argument_par_defaut_dans_la_classe_Counter", "Cpp09_s\Cpp09_s.vcxproj", "{B16F2AD7-6BF7-46C6-8E0D-26A02B09659B}"
EndProject
Project("{8BC9CEB8-8B4A-11D0-8D11-00A0C91BC942}") = "Cpp10_s", "Cpp10_s\Cpp10_s.vcxproj", "{B59E7C58-F737-4D5F-AF4B-96832FB5ACFB}"
EndProject
Project("{2150E333-8FDC-42A3-9474-1A3956D46DE8}") = "05-DesignPatterns", "05-DesignPatterns", "{4013C8F6-D14E-4F7E-8CB5-486B54626258}"
EndProject
Project("{8BC9CEB8-8B4A-11D0-8D11-00A0C91BC942}") = "Pattern01_s-Singleton", "05-DesignPatterns\Pattern01_s\Pattern01_s\Pattern01_s.vcxproj", "{5B9B5303-DFE5-4091-85F1-C73C4E7E5FA6}"
EndProject
Project("{8BC9CEB8-8B4A-11D0-8D11-00A0C91BC942}") = "Pattern02_s-Factory_Method", "05-DesignPatterns\Pattern02_s\Pattern02_s\Pattern02_s.vcxproj", "{879264DF-F970-4DCE-B973-7493FBA09AF9}"
EndProject
Project("{8BC9CEB8-8B4A-11D0-8D11-00A0C91BC942}") = "Pattern03_s-Abstract_Factory", "05-DesignPatterns\Pattern03_s\Pattern03_s\Pattern03_s.vcxproj", "{1A31248B-727D-4053-9FE2-0034EA6AA978}"
EndProject
Project("{8BC9CEB8-8B4A-11D0-8D11-00A0C91BC942}") = "Pattern04_s-Visitor", "05-DesignPatterns\Pattern04_s\Pattern04_s\Pattern04_s.vcxproj", "{CDF83572-9CA6-4363-9EB9-43EE8118E474}"
EndProject
Project("{8BC9CEB8-8B4A-11D0-8D11-00A0C91BC942}") = "Pattern05_s-Proxy", "05-DesignPatterns\Pattern05_s\Pattern05_s\Pattern05_s.vcxproj", "{A8915E16-ABA6-44E1-9D1C-B072A155B9FF}"
EndProject
Project("{8BC9CEB8-8B4A-11D0-8D11-00A0C91BC942}") = "Pattern06_s-Observer", "05-DesignPatterns\Pattern06_s\Pattern06_s.vcxproj", "{213018BF-C109-4883-9C8D-201ECDF69E3C}"
EndProject
Project("{2150E333-8FDC-42A3-9474-1A3956D46DE8}") = "06-Semantique_deplacement", "06-Semantique_deplacement", "{9AAC3CD5-7BBD-4F87-AED2-A9DD99111FA0}"
EndProject
Project("{8BC9CEB8-8B4A-11D0-8D11-00A0C91BC942}") = "Rvalue01", "06-Semantique_deplacement\Rvalue01\Rvalue01\Rvalue01.vcxproj", "{60E082D4-69CA-430E-A09B-F025899E12F4}"
EndProject
Project("{8BC9CEB8-8B4A-11D0-8D11-00A0C91BC942}") = "Rvalue02", "06-Semantique_deplacement\Rvalue02\Rvalue02\Rvalue02.vcxproj", "{637F3F26-8B84-4E42-89CF-6997C9DB993B}"
EndProject
Project("{8BC9CEB8-8B4A-11D0-8D11-00A0C91BC942}") = "Rvalue03", "06-Semantique_deplacement\Rvalue03\Rvalue03\Rvalue03.vcxproj", "{D723F454-F929-4968-BC96-8BF1CD44419C}"
EndProject
Project("{8BC9CEB8-8B4A-11D0-8D11-00A0C91BC942}") = "Forward01", "06-Semantique_deplacement\Forward01\Forward01.vcxproj", "{7F160283-8548-4BDB-8F44-47A5FD8E47D3}"
EndProject
Project("{8BC9CEB8-8B4A-11D0-8D11-00A0C91BC942}") = "Rvalue03_s", "06-Semantique_deplacement\Rvalue03_s\Rvalue03_s\Rvalue03_s.vcxproj", "{F8C9605F-2A7B-4C69-8C66-0E599F6DD807}"
EndProject
Project("{2150E333-8FDC-42A3-9474-1A3956D46DE8}") = "07-Programmation_fonctionnelle", "07-Programmation_fonctionnelle", "{5AADE9A7-04FE-4533-969B-32F8C539B34E}"
EndProject
Project("{8BC9CEB8-8B4A-11D0-8D11-00A0C91BC942}") = "Lambda01", "07-Programmation_fonctionnelle\Lambda01\Lambda01\Lambda01.vcxproj", "{243F33FE-9AE9-41E1-AF79-0EBBD0A7DAFD}"
EndProject
Project("{8BC9CEB8-8B4A-11D0-8D11-00A0C91BC942}") = "Lambda02", "07-Programmation_fonctionnelle\Lambda02\Lambda02\Lambda02.vcxproj", "{462C8A4F-760F-4730-8F95-FBB88CE46D8D}"
EndProject
Project("{8BC9CEB8-8B4A-11D0-8D11-00A0C91BC942}") = "Lambda03", "07-Programmation_fonctionnelle\Lambda03\Lambda03\Lambda03.vcxproj", "{DDEE9A3D-D4E7-469F-88D9-0A363CA5AA01}"
EndProject
Project("{8BC9CEB8-8B4A-11D0-8D11-00A0C91BC942}") = "Lambda04", "07-Programmation_fonctionnelle\Lambda04\Lambda04\Lambda04.vcxproj", "{FD6AFF3E-B075-4B44-99BF-9AB825E93694}"
EndProject
Project("{8BC9CEB8-8B4A-11D0-8D11-00A0C91BC942}") = "Lambda05", "07-Programmation_fonctionnelle\Lambda05\Lambda05\Lambda05.vcxproj", "{311CA9E2-49FB-4657-8A82-37950A0B2C4B}"
EndProject
Project("{8BC9CEB8-8B4A-11D0-8D11-00A0C91BC942}") = "Lambda01_s", "07-Programmation_fonctionnelle\Lambda01_s\Lambda01_s\Lambda01_s.vcxproj", "{3D26AEAE-49DC-4503-B578-73C4EEF4B0FF}"
EndProject
Project("{8BC9CEB8-8B4A-11D0-8D11-00A0C91BC942}") = "Lambda02_s", "07-Programmation_fonctionnelle\Lambda02_s\Lambda02_s\Lambda02_s.vcxproj", "{EDF8894E-4051-4284-BB65-7B1666067810}"
EndProject
Project("{8BC9CEB8-8B4A-11D0-8D11-00A0C91BC942}") = "Lambda03_s", "07-Programmation_fonctionnelle\Lambda03_s\Lambda03_s\Lambda03_s.vcxproj", "{43E14881-0299-4C3D-B1CA-4C74B233DB3D}"
EndProject
Project("{8BC9CEB8-8B4A-11D0-8D11-00A0C91BC942}") = "Lambda04_s", "07-Programmation_fonctionnelle\Lambda04_s\Lambda04_s\Lambda04_s.vcxproj", "{2062DE28-0CAA-414A-BFE0-DB2EAE034BF2}"
EndProject
Project("{8BC9CEB8-8B4A-11D0-8D11-00A0C91BC942}") = "Lambda05_s", "07-Programmation_fonctionnelle\Lambda05_s\Lambda05_s\Lambda05_s.vcxproj", "{0B9607CA-7D30-4A4F-92C5-942EE7E83BC9}"
EndProject
Project("{2150E333-8FDC-42A3-9474-1A3956D46DE8}") = "08-Autres_nouveautes_C++11", "08-Autres_nouveautes_C++11", "{FA7D839F-F967-4A09-BC87-487C36ABA0DA}"
EndProject
Project("{8BC9CEB8-8B4A-11D0-8D11-00A0C91BC942}") = "Decltype01", "08-Autres_nouveautes_C++11\Decltype01\Decltype01\Decltype01.vcxproj", "{F0A8ED4A-423A-43EF-A69C-B98D2E509920}"
EndProject
Project("{8BC9CEB8-8B4A-11D0-8D11-00A0C91BC942}") = "Decltype01_s", "08-Autres_nouveautes_C++11\Decltype01_s\Decltype01_s\Decltype01_s.vcxproj", "{B6EF1AA1-9D77-438D-ADF6-8DD131D2FB8B}"
EndProject
Project("{8BC9CEB8-8B4A-11D0-8D11-00A0C91BC942}") = "Constexpr01_s", "08-Autres_nouveautes_C++11\Constexpr01_s\Constexpr01_s\Constexpr01_s.vcxproj", "{1EC67FCE-EEFA-40C5-97DB-4E0D17813A57}"
EndProject
Project("{8BC9CEB8-8B4A-11D0-8D11-00A0C91BC942}") = "InitialisationUniforme01", "08-Autres_nouveautes_C++11\InitialisationUniforme01\InitialisationUniforme01.vcxproj", "{865D90AB-8B1E-4F31-8632-C384E1B5C284}"
EndProject
Project("{8BC9CEB8-8B4A-11D0-8D11-00A0C91BC942}") = "RangeBasedFor01", "08-Autres_nouveautes_C++11\RangeBasedFor01\RangeBasedFor01\RangeBasedFor01.vcxproj", "{96ED7C21-E9F0-41C4-A12F-E77B9107F723}"
EndProject
Project("{8BC9CEB8-8B4A-11D0-8D11-00A0C91BC942}") = "RangeBasedFor02", "08-Autres_nouveautes_C++11\RangeBasedFor02\RangeBasedFor02\RangeBasedFor02.vcxproj", "{CF00B0B5-247B-4EF3-AF90-4B9F42DE7B05}"
EndProject
Project("{8BC9CEB8-8B4A-11D0-8D11-00A0C91BC942}") = "IntialisationUniforme01_s", "08-Autres_nouveautes_C++11\IntialisationUniforme01_s\IntialisationUniforme01_s.vcxproj", "{CF54D3DC-C293-45CD-961D-46A327A26EBF}"
EndProject
Project("{8BC9CEB8-8B4A-11D0-8D11-00A0C91BC942}") = "RangeBasedFor01_s", "08-Autres_nouveautes_C++11\RangeBasedFor01_s\RangeBasedFor01_s\RangeBasedFor01_s.vcxproj", "{E299DCB2-BA00-426D-B890-81A81889A491}"
EndProject
Project("{8BC9CEB8-8B4A-11D0-8D11-00A0C91BC942}") = "RangeBasedFor02_s", "08-Autres_nouveautes_C++11\RangeBasedFor02_s\RangeBasedFor02_s\RangeBasedFor02_s.vcxproj", "{41BE9482-E431-4BB8-BA52-9E5F21688E10}"
EndProject
Project("{8BC9CEB8-8B4A-11D0-8D11-00A0C91BC942}") = "Default-delete01_s", "08-Autres_nouveautes_C++11\Default-delete01_s\Default-delete01_s\Default-delete01_s.vcxproj", "{1F45C233-C887-43E0-92C3-C75975766979}"
EndProject
Project("{8BC9CEB8-8B4A-11D0-8D11-00A0C91BC942}") = "Default-delete01", "08-Autres_nouveautes_C++11\Default-delete01\Default-delete01\Default-delete01.vcxproj", "{7D0E5E70-82FD-4A83-BEF9-88611686E2EB}"
EndProject
Project("{2150E333-8FDC-42A3-9474-1A3956D46DE8}") = "10-Multi-threading", "10-Multi-threading", "{CB8B569C-48A0-432A-97B4-F9CC9A9DDDA4}"
EndProject
Project("{8BC9CEB8-8B4A-11D0-8D11-00A0C91BC942}") = "Thread01", "10-Multi-threading\Thread01\Thread01\Thread01.vcxproj", "{21A980DB-0B04-4CE1-A781-A8BB385BFCD9}"
EndProject
Project("{8BC9CEB8-8B4A-11D0-8D11-00A0C91BC942}") = "Thread01_s", "10-Multi-threading\Thread01_s\Thread01_s\Thread01_s.vcxproj", "{8D92B7A3-9383-47E5-8C6A-64F7E4B30FFA}"
EndProject
Project("{8BC9CEB8-8B4A-11D0-8D11-00A0C91BC942}") = "Thread02", "10-Multi-threading\Thread02\Thread02\Thread02.vcxproj", "{DB8F81BA-BFED-458F-9D0C-B987654D406A}"
EndProject
Project("{8BC9CEB8-8B4A-11D0-8D11-00A0C91BC942}") = "Thread02_s", "10-Multi-threading\Thread02_s\Thread02_s\Thread02_s.vcxproj", "{1D6705F5-896E-4BBE-A658-D60BCB609707}"
EndProject
Project("{8BC9CEB8-8B4A-11D0-8D11-00A0C91BC942}") = "Thread03", "10-Multi-threading\Thread03\Thread03\Thread03.vcxproj", "{2517637D-BB18-4F0B-A3AB-852732C70E32}"
EndProject
Project("{8BC9CEB8-8B4A-11D0-8D11-00A0C91BC942}") = "Thread05_solution", "10-Multi-threading\Thread05\Thread05.vcxproj", "{87C33784-A4D3-41F2-A274-A10C97A00768}"
EndProject
Project("{8BC9CEB8-8B4A-11D0-8D11-00A0C91BC942}") = "Thread04", "10-Multi-threading\Thread04\Thread04\Thread04.vcxproj", "{07BEBEDA-41AB-431E-824C-5ECA678E038B}"
EndProject
Project("{8BC9CEB8-8B4A-11D0-8D11-00A0C91BC942}") = "Thread03_s", "10-Multi-threading\Thread03_s\Thread03_s\Thread03_s.vcxproj", "{821A8F02-4616-4803-9EA6-3A1BA6E3249E}"
EndProject
Project("{8BC9CEB8-8B4A-11D0-8D11-00A0C91BC942}") = "Thread04_s", "10-Multi-threading\Thread04_s\Thread04_s\Thread04_s.vcxproj", "{D3036DDF-A6F0-4B8A-836E-93069EDD4E5D}"
EndProject
Project("{2150E333-8FDC-42A3-9474-1A3956D46DE8}") = "09-STL_et_nouveautes_C++11", "09-STL_et_nouveautes_C++11", "{E5E3A97A-63D1-4647-A890-C4DEEF3F4C96}"
EndProject
Project("{8BC9CEB8-8B4A-11D0-8D11-00A0C91BC942}") = "STL_Conteneur01", "09-STL_et_nouveautes_C++11\STL_Conteneur01\STL_Conteneur01\STL_Conteneur01.vcxproj", "{96F12454-B825-4AD5-8010-EF79D59F3F22}"
EndProject
Project("{8BC9CEB8-8B4A-11D0-8D11-00A0C91BC942}") = "STL_Conteneur01_s-vector", "09-STL_et_nouveautes_C++11\STL_Conteneur01_s\STL_Conteneur01_s\STL_Conteneur01_s.vcxproj", "{E8DB3151-EAEC-4166-8CA2-BA116A05C828}"
EndProject
Project("{8BC9CEB8-8B4A-11D0-8D11-00A0C91BC942}") = "STL_Conteneur02_s-list", "09-STL_et_nouveautes_C++11\STL_Conteneur02_s\STL_Conteneur02_s\STL_Conteneur02_s.vcxproj", "{76426306-500A-4FA1-B986-F07580266BF5}"
EndProject
Project("{8BC9CEB8-8B4A-11D0-8D11-00A0C91BC942}") = "STL_Conteneur03_s-map", "09-STL_et_nouveautes_C++11\STL_Conteneur03_s\STL_Conteneur03_s\STL_Conteneur03_s.vcxproj", "{90F5FE7E-175A-4E3A-9A9E-39318F2DAA60}"
EndProject
Project("{8BC9CEB8-8B4A-11D0-8D11-00A0C91BC942}") = "STL_Conteneur04_s-queue", "09-STL_et_nouveautes_C++11\STL_Conteneur04_s\STL_Conteneur04_s\STL_Conteneur04_s.vcxproj", "{371D3444-184C-4BD7-B2D1-BED93AC83C26}"
EndProject
Project("{8BC9CEB8-8B4A-11D0-8D11-00A0C91BC942}") = "STL_Entrees-sorties01_s-Cout_cin_manipulateurs", "09-STL_et_nouveautes_C++11\STL_Entrees-sorties01_s\STL_Entrees-sorties01_s\STL_Entrees-sorties01_s.vcxproj", "{F107A6C2-28EB-4E9E-BD71-F16D634CDA9C}"
EndProject
Project("{8BC9CEB8-8B4A-11D0-8D11-00A0C91BC942}") = "STL_Entrees-sorties02_sIfstream_ofstream", "09-STL_et_nouveautes_C++11\STL_Entrees-sorties02_s\STL_Entrees-sorties02_s\STL_Entrees-sorties02_s.vcxproj", "{CE4EB31E-AC33-4D45-8848-08B96858896A}"
EndProject
Project("{8BC9CEB8-8B4A-11D0-8D11-00A0C91BC942}") = "STL_Entrees-sorties03_sIfstream_ofstream", "09-STL_et_nouveautes_C++11\STL_Entrees-sorties03_s\STL_Entrees-sorties03_s\STL_Entrees-sorties03_s.vcxproj", "{EAFFF950-FF11-4537-9CA1-B3F1232413CC}"
EndProject
Project("{8BC9CEB8-8B4A-11D0-8D11-00A0C91BC942}") = "UnorderedMap01_s", "09-STL_et_nouveautes_C++11\UnorderedMap01_s\UnorderedMap01_s.vcxproj", "{36C90F07-4A0D-43F5-8DDE-925C2A00D26B}"
EndProject
Project("{8BC9CEB8-8B4A-11D0-8D11-00A0C91BC942}") = "Chrono01_s", "09-STL_et_nouveautes_C++11\Chrono01_s\Chrono01_s\Chrono01_s.vcxproj", "{28330B69-6875-4EC8-807E-BB4566B62007}"
EndProject
Project("{2150E333-8FDC-42A3-9474-1A3956D46DE8}") = "11-AutoTests", "11-AutoTests", "{E9D23A47-AC44-49AE-A9F7-BE60379BC59F}"
EndProject
Project("{8BC9CEB8-8B4A-11D0-8D11-00A0C91BC942}") = "RootFinder", "11-AutoTests\RootFinder\RootFinder.vcxproj", "{BE0D60B1-F1FD-4A10-82F1-FAF7B82BC7B8}"
EndProject
Project("{8BC9CEB8-8B4A-11D0-8D11-00A0C91BC942}") = "NativeRooterTest", "11-AutoTests\NativeRooteTest\NativeRooteTest.vcxproj", "{1A0EED02-8698-455A-9AF9-482A12B2173C}"
EndProject
Project("{2150E333-8FDC-42A3-9474-1A3956D46DE8}") = "00-SandBox", "00-SandBox", "{5864328C-F6C5-4E80-97FF-6388C1618683}"
EndProject
Project("{8BC9CEB8-8B4A-11D0-8D11-00A0C91BC942}") = "Cpp01–Premier_programme_C++_simple", "00-SandBox\Cpp01_s\Cpp01_s.vcxproj", "{9C121C2A-EAD9-4E6C-80B9-1438FA162F5C}"
EndProject
Project("{8BC9CEB8-8B4A-11D0-8D11-00A0C91BC942}") = "Get-Started-Debugging", "00-SandBox\Get-Started-Debugging\Get-Started-Debugging.vcxproj", "{8DB51E52-12EA-482F-87D0-45DD03E973F2}"
EndProject
Project("{8BC9CEB8-8B4A-11D0-8D11-00A0C91BC942}") = "OC18417-a-lassaut-des-pointeurs", "00-SandBox\OC18417-a-lassaut-des-pointeurs\OC18417-a-lassaut-des-pointeurs.vcxproj", "{B8A24C80-0602-47CD-B178-52188FA57DCA}"
EndProject
Global
	GlobalSection(SolutionConfigurationPlatforms) = preSolution
		Debug|x64 = Debug|x64
		Debug|x86 = Debug|x86
		Release|x64 = Release|x64
		Release|x86 = Release|x86
	EndGlobalSection
	GlobalSection(ProjectConfigurationPlatforms) = postSolution
		{D8EE458F-80C5-495E-9E9B-4367DA32D032}.Debug|x64.ActiveCfg = Debug|x64
		{D8EE458F-80C5-495E-9E9B-4367DA32D032}.Debug|x64.Build.0 = Debug|x64
		{D8EE458F-80C5-495E-9E9B-4367DA32D032}.Debug|x86.ActiveCfg = Debug|Win32
		{D8EE458F-80C5-495E-9E9B-4367DA32D032}.Debug|x86.Build.0 = Debug|Win32
		{D8EE458F-80C5-495E-9E9B-4367DA32D032}.Release|x64.ActiveCfg = Release|x64
		{D8EE458F-80C5-495E-9E9B-4367DA32D032}.Release|x64.Build.0 = Release|x64
		{D8EE458F-80C5-495E-9E9B-4367DA32D032}.Release|x86.ActiveCfg = Release|Win32
		{D8EE458F-80C5-495E-9E9B-4367DA32D032}.Release|x86.Build.0 = Release|Win32
		{31DD49E5-515A-4A85-8293-2CBC9428B585}.Debug|x64.ActiveCfg = Debug|x64
		{31DD49E5-515A-4A85-8293-2CBC9428B585}.Debug|x64.Build.0 = Debug|x64
		{31DD49E5-515A-4A85-8293-2CBC9428B585}.Debug|x86.ActiveCfg = Debug|Win32
		{31DD49E5-515A-4A85-8293-2CBC9428B585}.Debug|x86.Build.0 = Debug|Win32
		{31DD49E5-515A-4A85-8293-2CBC9428B585}.Release|x64.ActiveCfg = Release|x64
		{31DD49E5-515A-4A85-8293-2CBC9428B585}.Release|x64.Build.0 = Release|x64
		{31DD49E5-515A-4A85-8293-2CBC9428B585}.Release|x86.ActiveCfg = Release|Win32
		{31DD49E5-515A-4A85-8293-2CBC9428B585}.Release|x86.Build.0 = Release|Win32
		{9C7EF05B-F215-4418-A5CE-D1A4AD15493C}.Debug|x64.ActiveCfg = Debug|x64
		{9C7EF05B-F215-4418-A5CE-D1A4AD15493C}.Debug|x64.Build.0 = Debug|x64
		{9C7EF05B-F215-4418-A5CE-D1A4AD15493C}.Debug|x86.ActiveCfg = Debug|Win32
		{9C7EF05B-F215-4418-A5CE-D1A4AD15493C}.Debug|x86.Build.0 = Debug|Win32
		{9C7EF05B-F215-4418-A5CE-D1A4AD15493C}.Release|x64.ActiveCfg = Release|x64
		{9C7EF05B-F215-4418-A5CE-D1A4AD15493C}.Release|x64.Build.0 = Release|x64
		{9C7EF05B-F215-4418-A5CE-D1A4AD15493C}.Release|x86.ActiveCfg = Release|Win32
		{9C7EF05B-F215-4418-A5CE-D1A4AD15493C}.Release|x86.Build.0 = Release|Win32
		{51CB5B79-C7B9-434C-A1B3-377B5114D4CC}.Debug|x64.ActiveCfg = Debug|x64
		{51CB5B79-C7B9-434C-A1B3-377B5114D4CC}.Debug|x64.Build.0 = Debug|x64
		{51CB5B79-C7B9-434C-A1B3-377B5114D4CC}.Debug|x86.ActiveCfg = Debug|Win32
		{51CB5B79-C7B9-434C-A1B3-377B5114D4CC}.Debug|x86.Build.0 = Debug|Win32
		{51CB5B79-C7B9-434C-A1B3-377B5114D4CC}.Release|x64.ActiveCfg = Release|x64
		{51CB5B79-C7B9-434C-A1B3-377B5114D4CC}.Release|x64.Build.0 = Release|x64
		{51CB5B79-C7B9-434C-A1B3-377B5114D4CC}.Release|x86.ActiveCfg = Release|Win32
		{51CB5B79-C7B9-434C-A1B3-377B5114D4CC}.Release|x86.Build.0 = Release|Win32
		{509866C8-254D-4779-A2EE-0F442CC13C89}.Debug|x64.ActiveCfg = Debug|x64
		{509866C8-254D-4779-A2EE-0F442CC13C89}.Debug|x64.Build.0 = Debug|x64
		{509866C8-254D-4779-A2EE-0F442CC13C89}.Debug|x86.ActiveCfg = Debug|Win32
		{509866C8-254D-4779-A2EE-0F442CC13C89}.Debug|x86.Build.0 = Debug|Win32
		{509866C8-254D-4779-A2EE-0F442CC13C89}.Release|x64.ActiveCfg = Release|x64
		{509866C8-254D-4779-A2EE-0F442CC13C89}.Release|x64.Build.0 = Release|x64
		{509866C8-254D-4779-A2EE-0F442CC13C89}.Release|x86.ActiveCfg = Release|Win32
		{509866C8-254D-4779-A2EE-0F442CC13C89}.Release|x86.Build.0 = Release|Win32
		{92E01D9C-69DD-4144-AF52-B1BD2403B996}.Debug|x64.ActiveCfg = Debug|x64
		{92E01D9C-69DD-4144-AF52-B1BD2403B996}.Debug|x64.Build.0 = Debug|x64
		{92E01D9C-69DD-4144-AF52-B1BD2403B996}.Debug|x86.ActiveCfg = Debug|Win32
		{92E01D9C-69DD-4144-AF52-B1BD2403B996}.Debug|x86.Build.0 = Debug|Win32
		{92E01D9C-69DD-4144-AF52-B1BD2403B996}.Release|x64.ActiveCfg = Release|x64
		{92E01D9C-69DD-4144-AF52-B1BD2403B996}.Release|x64.Build.0 = Release|x64
		{92E01D9C-69DD-4144-AF52-B1BD2403B996}.Release|x86.ActiveCfg = Release|Win32
		{92E01D9C-69DD-4144-AF52-B1BD2403B996}.Release|x86.Build.0 = Release|Win32
		{D3D1EE77-3396-4473-B1DF-5277C9845A3E}.Debug|x64.ActiveCfg = Debug|x64
		{D3D1EE77-3396-4473-B1DF-5277C9845A3E}.Debug|x64.Build.0 = Debug|x64
		{D3D1EE77-3396-4473-B1DF-5277C9845A3E}.Debug|x86.ActiveCfg = Debug|Win32
		{D3D1EE77-3396-4473-B1DF-5277C9845A3E}.Debug|x86.Build.0 = Debug|Win32
		{D3D1EE77-3396-4473-B1DF-5277C9845A3E}.Release|x64.ActiveCfg = Release|x64
		{D3D1EE77-3396-4473-B1DF-5277C9845A3E}.Release|x64.Build.0 = Release|x64
		{D3D1EE77-3396-4473-B1DF-5277C9845A3E}.Release|x86.ActiveCfg = Release|Win32
		{D3D1EE77-3396-4473-B1DF-5277C9845A3E}.Release|x86.Build.0 = Release|Win32
		{B380A462-0957-4B15-9F56-845D5DF73C09}.Debug|x64.ActiveCfg = Debug|x64
		{B380A462-0957-4B15-9F56-845D5DF73C09}.Debug|x64.Build.0 = Debug|x64
		{B380A462-0957-4B15-9F56-845D5DF73C09}.Debug|x86.ActiveCfg = Debug|Win32
		{B380A462-0957-4B15-9F56-845D5DF73C09}.Debug|x86.Build.0 = Debug|Win32
		{B380A462-0957-4B15-9F56-845D5DF73C09}.Release|x64.ActiveCfg = Release|x64
		{B380A462-0957-4B15-9F56-845D5DF73C09}.Release|x64.Build.0 = Release|x64
		{B380A462-0957-4B15-9F56-845D5DF73C09}.Release|x86.ActiveCfg = Release|Win32
		{B380A462-0957-4B15-9F56-845D5DF73C09}.Release|x86.Build.0 = Release|Win32
		{B16F2AD7-6BF7-46C6-8E0D-26A02B09659B}.Debug|x64.ActiveCfg = Debug|x64
		{B16F2AD7-6BF7-46C6-8E0D-26A02B09659B}.Debug|x64.Build.0 = Debug|x64
		{B16F2AD7-6BF7-46C6-8E0D-26A02B09659B}.Debug|x86.ActiveCfg = Debug|Win32
		{B16F2AD7-6BF7-46C6-8E0D-26A02B09659B}.Debug|x86.Build.0 = Debug|Win32
		{B16F2AD7-6BF7-46C6-8E0D-26A02B09659B}.Release|x64.ActiveCfg = Release|x64
		{B16F2AD7-6BF7-46C6-8E0D-26A02B09659B}.Release|x64.Build.0 = Release|x64
		{B16F2AD7-6BF7-46C6-8E0D-26A02B09659B}.Release|x86.ActiveCfg = Release|Win32
		{B16F2AD7-6BF7-46C6-8E0D-26A02B09659B}.Release|x86.Build.0 = Release|Win32
		{B59E7C58-F737-4D5F-AF4B-96832FB5ACFB}.Debug|x64.ActiveCfg = Debug|x64
		{B59E7C58-F737-4D5F-AF4B-96832FB5ACFB}.Debug|x64.Build.0 = Debug|x64
		{B59E7C58-F737-4D5F-AF4B-96832FB5ACFB}.Debug|x86.ActiveCfg = Debug|Win32
		{B59E7C58-F737-4D5F-AF4B-96832FB5ACFB}.Debug|x86.Build.0 = Debug|Win32
		{B59E7C58-F737-4D5F-AF4B-96832FB5ACFB}.Release|x64.ActiveCfg = Release|x64
		{B59E7C58-F737-4D5F-AF4B-96832FB5ACFB}.Release|x64.Build.0 = Release|x64
		{B59E7C58-F737-4D5F-AF4B-96832FB5ACFB}.Release|x86.ActiveCfg = Release|Win32
		{B59E7C58-F737-4D5F-AF4B-96832FB5ACFB}.Release|x86.Build.0 = Release|Win32
		{5B9B5303-DFE5-4091-85F1-C73C4E7E5FA6}.Debug|x64.ActiveCfg = Debug|x64
		{5B9B5303-DFE5-4091-85F1-C73C4E7E5FA6}.Debug|x64.Build.0 = Debug|x64
		{5B9B5303-DFE5-4091-85F1-C73C4E7E5FA6}.Debug|x86.ActiveCfg = Debug|Win32
		{5B9B5303-DFE5-4091-85F1-C73C4E7E5FA6}.Debug|x86.Build.0 = Debug|Win32
		{5B9B5303-DFE5-4091-85F1-C73C4E7E5FA6}.Release|x64.ActiveCfg = Release|x64
		{5B9B5303-DFE5-4091-85F1-C73C4E7E5FA6}.Release|x64.Build.0 = Release|x64
		{5B9B5303-DFE5-4091-85F1-C73C4E7E5FA6}.Release|x86.ActiveCfg = Release|Win32
		{5B9B5303-DFE5-4091-85F1-C73C4E7E5FA6}.Release|x86.Build.0 = Release|Win32
		{879264DF-F970-4DCE-B973-7493FBA09AF9}.Debug|x64.ActiveCfg = Debug|x64
		{879264DF-F970-4DCE-B973-7493FBA09AF9}.Debug|x64.Build.0 = Debug|x64
		{879264DF-F970-4DCE-B973-7493FBA09AF9}.Debug|x86.ActiveCfg = Debug|Win32
		{879264DF-F970-4DCE-B973-7493FBA09AF9}.Debug|x86.Build.0 = Debug|Win32
		{879264DF-F970-4DCE-B973-7493FBA09AF9}.Release|x64.ActiveCfg = Release|x64
		{879264DF-F970-4DCE-B973-7493FBA09AF9}.Release|x64.Build.0 = Release|x64
		{879264DF-F970-4DCE-B973-7493FBA09AF9}.Release|x86.ActiveCfg = Release|Win32
		{879264DF-F970-4DCE-B973-7493FBA09AF9}.Release|x86.Build.0 = Release|Win32
		{1A31248B-727D-4053-9FE2-0034EA6AA978}.Debug|x64.ActiveCfg = Debug|x64
		{1A31248B-727D-4053-9FE2-0034EA6AA978}.Debug|x64.Build.0 = Debug|x64
		{1A31248B-727D-4053-9FE2-0034EA6AA978}.Debug|x86.ActiveCfg = Debug|Win32
		{1A31248B-727D-4053-9FE2-0034EA6AA978}.Debug|x86.Build.0 = Debug|Win32
		{1A31248B-727D-4053-9FE2-0034EA6AA978}.Release|x64.ActiveCfg = Release|x64
		{1A31248B-727D-4053-9FE2-0034EA6AA978}.Release|x64.Build.0 = Release|x64
		{1A31248B-727D-4053-9FE2-0034EA6AA978}.Release|x86.ActiveCfg = Release|Win32
		{1A31248B-727D-4053-9FE2-0034EA6AA978}.Release|x86.Build.0 = Release|Win32
		{CDF83572-9CA6-4363-9EB9-43EE8118E474}.Debug|x64.ActiveCfg = Debug|x64
		{CDF83572-9CA6-4363-9EB9-43EE8118E474}.Debug|x64.Build.0 = Debug|x64
		{CDF83572-9CA6-4363-9EB9-43EE8118E474}.Debug|x86.ActiveCfg = Debug|Win32
		{CDF83572-9CA6-4363-9EB9-43EE8118E474}.Debug|x86.Build.0 = Debug|Win32
		{CDF83572-9CA6-4363-9EB9-43EE8118E474}.Release|x64.ActiveCfg = Release|x64
		{CDF83572-9CA6-4363-9EB9-43EE8118E474}.Release|x64.Build.0 = Release|x64
		{CDF83572-9CA6-4363-9EB9-43EE8118E474}.Release|x86.ActiveCfg = Release|Win32
		{CDF83572-9CA6-4363-9EB9-43EE8118E474}.Release|x86.Build.0 = Release|Win32
		{A8915E16-ABA6-44E1-9D1C-B072A155B9FF}.Debug|x64.ActiveCfg = Debug|x64
		{A8915E16-ABA6-44E1-9D1C-B072A155B9FF}.Debug|x64.Build.0 = Debug|x64
		{A8915E16-ABA6-44E1-9D1C-B072A155B9FF}.Debug|x86.ActiveCfg = Debug|Win32
		{A8915E16-ABA6-44E1-9D1C-B072A155B9FF}.Debug|x86.Build.0 = Debug|Win32
		{A8915E16-ABA6-44E1-9D1C-B072A155B9FF}.Release|x64.ActiveCfg = Release|x64
		{A8915E16-ABA6-44E1-9D1C-B072A155B9FF}.Release|x64.Build.0 = Release|x64
		{A8915E16-ABA6-44E1-9D1C-B072A155B9FF}.Release|x86.ActiveCfg = Release|Win32
		{A8915E16-ABA6-44E1-9D1C-B072A155B9FF}.Release|x86.Build.0 = Release|Win32
		{213018BF-C109-4883-9C8D-201ECDF69E3C}.Debug|x64.ActiveCfg = Debug|x64
		{213018BF-C109-4883-9C8D-201ECDF69E3C}.Debug|x64.Build.0 = Debug|x64
		{213018BF-C109-4883-9C8D-201ECDF69E3C}.Debug|x86.ActiveCfg = Debug|Win32
		{213018BF-C109-4883-9C8D-201ECDF69E3C}.Debug|x86.Build.0 = Debug|Win32
		{213018BF-C109-4883-9C8D-201ECDF69E3C}.Release|x64.ActiveCfg = Release|x64
		{213018BF-C109-4883-9C8D-201ECDF69E3C}.Release|x64.Build.0 = Release|x64
		{213018BF-C109-4883-9C8D-201ECDF69E3C}.Release|x86.ActiveCfg = Release|Win32
		{213018BF-C109-4883-9C8D-201ECDF69E3C}.Release|x86.Build.0 = Release|Win32
		{60E082D4-69CA-430E-A09B-F025899E12F4}.Debug|x64.ActiveCfg = Debug|x64
		{60E082D4-69CA-430E-A09B-F025899E12F4}.Debug|x64.Build.0 = Debug|x64
		{60E082D4-69CA-430E-A09B-F025899E12F4}.Debug|x86.ActiveCfg = Debug|Win32
		{60E082D4-69CA-430E-A09B-F025899E12F4}.Debug|x86.Build.0 = Debug|Win32
		{60E082D4-69CA-430E-A09B-F025899E12F4}.Release|x64.ActiveCfg = Release|x64
		{60E082D4-69CA-430E-A09B-F025899E12F4}.Release|x64.Build.0 = Release|x64
		{60E082D4-69CA-430E-A09B-F025899E12F4}.Release|x86.ActiveCfg = Release|Win32
		{60E082D4-69CA-430E-A09B-F025899E12F4}.Release|x86.Build.0 = Release|Win32
		{637F3F26-8B84-4E42-89CF-6997C9DB993B}.Debug|x64.ActiveCfg = Debug|x64
		{637F3F26-8B84-4E42-89CF-6997C9DB993B}.Debug|x64.Build.0 = Debug|x64
		{637F3F26-8B84-4E42-89CF-6997C9DB993B}.Debug|x86.ActiveCfg = Debug|Win32
		{637F3F26-8B84-4E42-89CF-6997C9DB993B}.Debug|x86.Build.0 = Debug|Win32
		{637F3F26-8B84-4E42-89CF-6997C9DB993B}.Release|x64.ActiveCfg = Release|x64
		{637F3F26-8B84-4E42-89CF-6997C9DB993B}.Release|x64.Build.0 = Release|x64
		{637F3F26-8B84-4E42-89CF-6997C9DB993B}.Release|x86.ActiveCfg = Release|Win32
		{637F3F26-8B84-4E42-89CF-6997C9DB993B}.Release|x86.Build.0 = Release|Win32
		{D723F454-F929-4968-BC96-8BF1CD44419C}.Debug|x64.ActiveCfg = Debug|x64
		{D723F454-F929-4968-BC96-8BF1CD44419C}.Debug|x64.Build.0 = Debug|x64
		{D723F454-F929-4968-BC96-8BF1CD44419C}.Debug|x86.ActiveCfg = Debug|Win32
		{D723F454-F929-4968-BC96-8BF1CD44419C}.Debug|x86.Build.0 = Debug|Win32
		{D723F454-F929-4968-BC96-8BF1CD44419C}.Release|x64.ActiveCfg = Release|x64
		{D723F454-F929-4968-BC96-8BF1CD44419C}.Release|x64.Build.0 = Release|x64
		{D723F454-F929-4968-BC96-8BF1CD44419C}.Release|x86.ActiveCfg = Release|Win32
		{D723F454-F929-4968-BC96-8BF1CD44419C}.Release|x86.Build.0 = Release|Win32
		{7F160283-8548-4BDB-8F44-47A5FD8E47D3}.Debug|x64.ActiveCfg = Debug|x64
		{7F160283-8548-4BDB-8F44-47A5FD8E47D3}.Debug|x64.Build.0 = Debug|x64
		{7F160283-8548-4BDB-8F44-47A5FD8E47D3}.Debug|x86.ActiveCfg = Debug|Win32
		{7F160283-8548-4BDB-8F44-47A5FD8E47D3}.Debug|x86.Build.0 = Debug|Win32
		{7F160283-8548-4BDB-8F44-47A5FD8E47D3}.Release|x64.ActiveCfg = Release|x64
		{7F160283-8548-4BDB-8F44-47A5FD8E47D3}.Release|x64.Build.0 = Release|x64
		{7F160283-8548-4BDB-8F44-47A5FD8E47D3}.Release|x86.ActiveCfg = Release|Win32
		{7F160283-8548-4BDB-8F44-47A5FD8E47D3}.Release|x86.Build.0 = Release|Win32
		{F8C9605F-2A7B-4C69-8C66-0E599F6DD807}.Debug|x64.ActiveCfg = Debug|x64
		{F8C9605F-2A7B-4C69-8C66-0E599F6DD807}.Debug|x64.Build.0 = Debug|x64
		{F8C9605F-2A7B-4C69-8C66-0E599F6DD807}.Debug|x86.ActiveCfg = Debug|Win32
		{F8C9605F-2A7B-4C69-8C66-0E599F6DD807}.Debug|x86.Build.0 = Debug|Win32
		{F8C9605F-2A7B-4C69-8C66-0E599F6DD807}.Release|x64.ActiveCfg = Release|x64
		{F8C9605F-2A7B-4C69-8C66-0E599F6DD807}.Release|x64.Build.0 = Release|x64
		{F8C9605F-2A7B-4C69-8C66-0E599F6DD807}.Release|x86.ActiveCfg = Release|Win32
		{F8C9605F-2A7B-4C69-8C66-0E599F6DD807}.Release|x86.Build.0 = Release|Win32
		{243F33FE-9AE9-41E1-AF79-0EBBD0A7DAFD}.Debug|x64.ActiveCfg = Debug|x64
		{243F33FE-9AE9-41E1-AF79-0EBBD0A7DAFD}.Debug|x64.Build.0 = Debug|x64
		{243F33FE-9AE9-41E1-AF79-0EBBD0A7DAFD}.Debug|x86.ActiveCfg = Debug|Win32
		{243F33FE-9AE9-41E1-AF79-0EBBD0A7DAFD}.Debug|x86.Build.0 = Debug|Win32
		{243F33FE-9AE9-41E1-AF79-0EBBD0A7DAFD}.Release|x64.ActiveCfg = Release|x64
		{243F33FE-9AE9-41E1-AF79-0EBBD0A7DAFD}.Release|x64.Build.0 = Release|x64
		{243F33FE-9AE9-41E1-AF79-0EBBD0A7DAFD}.Release|x86.ActiveCfg = Release|Win32
		{243F33FE-9AE9-41E1-AF79-0EBBD0A7DAFD}.Release|x86.Build.0 = Release|Win32
		{462C8A4F-760F-4730-8F95-FBB88CE46D8D}.Debug|x64.ActiveCfg = Debug|x64
		{462C8A4F-760F-4730-8F95-FBB88CE46D8D}.Debug|x64.Build.0 = Debug|x64
		{462C8A4F-760F-4730-8F95-FBB88CE46D8D}.Debug|x86.ActiveCfg = Debug|Win32
		{462C8A4F-760F-4730-8F95-FBB88CE46D8D}.Debug|x86.Build.0 = Debug|Win32
		{462C8A4F-760F-4730-8F95-FBB88CE46D8D}.Release|x64.ActiveCfg = Release|x64
		{462C8A4F-760F-4730-8F95-FBB88CE46D8D}.Release|x64.Build.0 = Release|x64
		{462C8A4F-760F-4730-8F95-FBB88CE46D8D}.Release|x86.ActiveCfg = Release|Win32
		{462C8A4F-760F-4730-8F95-FBB88CE46D8D}.Release|x86.Build.0 = Release|Win32
		{DDEE9A3D-D4E7-469F-88D9-0A363CA5AA01}.Debug|x64.ActiveCfg = Debug|x64
		{DDEE9A3D-D4E7-469F-88D9-0A363CA5AA01}.Debug|x64.Build.0 = Debug|x64
		{DDEE9A3D-D4E7-469F-88D9-0A363CA5AA01}.Debug|x86.ActiveCfg = Debug|Win32
		{DDEE9A3D-D4E7-469F-88D9-0A363CA5AA01}.Debug|x86.Build.0 = Debug|Win32
		{DDEE9A3D-D4E7-469F-88D9-0A363CA5AA01}.Release|x64.ActiveCfg = Release|x64
		{DDEE9A3D-D4E7-469F-88D9-0A363CA5AA01}.Release|x64.Build.0 = Release|x64
		{DDEE9A3D-D4E7-469F-88D9-0A363CA5AA01}.Release|x86.ActiveCfg = Release|Win32
		{DDEE9A3D-D4E7-469F-88D9-0A363CA5AA01}.Release|x86.Build.0 = Release|Win32
		{FD6AFF3E-B075-4B44-99BF-9AB825E93694}.Debug|x64.ActiveCfg = Debug|x64
		{FD6AFF3E-B075-4B44-99BF-9AB825E93694}.Debug|x64.Build.0 = Debug|x64
		{FD6AFF3E-B075-4B44-99BF-9AB825E93694}.Debug|x86.ActiveCfg = Debug|Win32
		{FD6AFF3E-B075-4B44-99BF-9AB825E93694}.Debug|x86.Build.0 = Debug|Win32
		{FD6AFF3E-B075-4B44-99BF-9AB825E93694}.Release|x64.ActiveCfg = Release|x64
		{FD6AFF3E-B075-4B44-99BF-9AB825E93694}.Release|x64.Build.0 = Release|x64
		{FD6AFF3E-B075-4B44-99BF-9AB825E93694}.Release|x86.ActiveCfg = Release|Win32
		{FD6AFF3E-B075-4B44-99BF-9AB825E93694}.Release|x86.Build.0 = Release|Win32
		{311CA9E2-49FB-4657-8A82-37950A0B2C4B}.Debug|x64.ActiveCfg = Debug|x64
		{311CA9E2-49FB-4657-8A82-37950A0B2C4B}.Debug|x64.Build.0 = Debug|x64
		{311CA9E2-49FB-4657-8A82-37950A0B2C4B}.Debug|x86.ActiveCfg = Debug|Win32
		{311CA9E2-49FB-4657-8A82-37950A0B2C4B}.Debug|x86.Build.0 = Debug|Win32
		{311CA9E2-49FB-4657-8A82-37950A0B2C4B}.Release|x64.ActiveCfg = Release|x64
		{311CA9E2-49FB-4657-8A82-37950A0B2C4B}.Release|x64.Build.0 = Release|x64
		{311CA9E2-49FB-4657-8A82-37950A0B2C4B}.Release|x86.ActiveCfg = Release|Win32
		{311CA9E2-49FB-4657-8A82-37950A0B2C4B}.Release|x86.Build.0 = Release|Win32
		{3D26AEAE-49DC-4503-B578-73C4EEF4B0FF}.Debug|x64.ActiveCfg = Debug|x64
		{3D26AEAE-49DC-4503-B578-73C4EEF4B0FF}.Debug|x64.Build.0 = Debug|x64
		{3D26AEAE-49DC-4503-B578-73C4EEF4B0FF}.Debug|x86.ActiveCfg = Debug|Win32
		{3D26AEAE-49DC-4503-B578-73C4EEF4B0FF}.Debug|x86.Build.0 = Debug|Win32
		{3D26AEAE-49DC-4503-B578-73C4EEF4B0FF}.Release|x64.ActiveCfg = Release|x64
		{3D26AEAE-49DC-4503-B578-73C4EEF4B0FF}.Release|x64.Build.0 = Release|x64
		{3D26AEAE-49DC-4503-B578-73C4EEF4B0FF}.Release|x86.ActiveCfg = Release|Win32
		{3D26AEAE-49DC-4503-B578-73C4EEF4B0FF}.Release|x86.Build.0 = Release|Win32
		{EDF8894E-4051-4284-BB65-7B1666067810}.Debug|x64.ActiveCfg = Debug|x64
		{EDF8894E-4051-4284-BB65-7B1666067810}.Debug|x64.Build.0 = Debug|x64
		{EDF8894E-4051-4284-BB65-7B1666067810}.Debug|x86.ActiveCfg = Debug|Win32
		{EDF8894E-4051-4284-BB65-7B1666067810}.Debug|x86.Build.0 = Debug|Win32
		{EDF8894E-4051-4284-BB65-7B1666067810}.Release|x64.ActiveCfg = Release|x64
		{EDF8894E-4051-4284-BB65-7B1666067810}.Release|x64.Build.0 = Release|x64
		{EDF8894E-4051-4284-BB65-7B1666067810}.Release|x86.ActiveCfg = Release|Win32
		{EDF8894E-4051-4284-BB65-7B1666067810}.Release|x86.Build.0 = Release|Win32
		{43E14881-0299-4C3D-B1CA-4C74B233DB3D}.Debug|x64.ActiveCfg = Debug|x64
		{43E14881-0299-4C3D-B1CA-4C74B233DB3D}.Debug|x64.Build.0 = Debug|x64
		{43E14881-0299-4C3D-B1CA-4C74B233DB3D}.Debug|x86.ActiveCfg = Debug|Win32
		{43E14881-0299-4C3D-B1CA-4C74B233DB3D}.Debug|x86.Build.0 = Debug|Win32
		{43E14881-0299-4C3D-B1CA-4C74B233DB3D}.Release|x64.ActiveCfg = Release|x64
		{43E14881-0299-4C3D-B1CA-4C74B233DB3D}.Release|x64.Build.0 = Release|x64
		{43E14881-0299-4C3D-B1CA-4C74B233DB3D}.Release|x86.ActiveCfg = Release|Win32
		{43E14881-0299-4C3D-B1CA-4C74B233DB3D}.Release|x86.Build.0 = Release|Win32
		{2062DE28-0CAA-414A-BFE0-DB2EAE034BF2}.Debug|x64.ActiveCfg = Debug|x64
		{2062DE28-0CAA-414A-BFE0-DB2EAE034BF2}.Debug|x64.Build.0 = Debug|x64
		{2062DE28-0CAA-414A-BFE0-DB2EAE034BF2}.Debug|x86.ActiveCfg = Debug|Win32
		{2062DE28-0CAA-414A-BFE0-DB2EAE034BF2}.Debug|x86.Build.0 = Debug|Win32
		{2062DE28-0CAA-414A-BFE0-DB2EAE034BF2}.Release|x64.ActiveCfg = Release|x64
		{2062DE28-0CAA-414A-BFE0-DB2EAE034BF2}.Release|x64.Build.0 = Release|x64
		{2062DE28-0CAA-414A-BFE0-DB2EAE034BF2}.Release|x86.ActiveCfg = Release|Win32
		{2062DE28-0CAA-414A-BFE0-DB2EAE034BF2}.Release|x86.Build.0 = Release|Win32
		{0B9607CA-7D30-4A4F-92C5-942EE7E83BC9}.Debug|x64.ActiveCfg = Debug|x64
		{0B9607CA-7D30-4A4F-92C5-942EE7E83BC9}.Debug|x64.Build.0 = Debug|x64
		{0B9607CA-7D30-4A4F-92C5-942EE7E83BC9}.Debug|x86.ActiveCfg = Debug|Win32
		{0B9607CA-7D30-4A4F-92C5-942EE7E83BC9}.Debug|x86.Build.0 = Debug|Win32
		{0B9607CA-7D30-4A4F-92C5-942EE7E83BC9}.Release|x64.ActiveCfg = Release|x64
		{0B9607CA-7D30-4A4F-92C5-942EE7E83BC9}.Release|x64.Build.0 = Release|x64
		{0B9607CA-7D30-4A4F-92C5-942EE7E83BC9}.Release|x86.ActiveCfg = Release|Win32
		{0B9607CA-7D30-4A4F-92C5-942EE7E83BC9}.Release|x86.Build.0 = Release|Win32
		{F0A8ED4A-423A-43EF-A69C-B98D2E509920}.Debug|x64.ActiveCfg = Debug|x64
		{F0A8ED4A-423A-43EF-A69C-B98D2E509920}.Debug|x64.Build.0 = Debug|x64
		{F0A8ED4A-423A-43EF-A69C-B98D2E509920}.Debug|x86.ActiveCfg = Debug|Win32
		{F0A8ED4A-423A-43EF-A69C-B98D2E509920}.Debug|x86.Build.0 = Debug|Win32
		{F0A8ED4A-423A-43EF-A69C-B98D2E509920}.Release|x64.ActiveCfg = Release|x64
		{F0A8ED4A-423A-43EF-A69C-B98D2E509920}.Release|x64.Build.0 = Release|x64
		{F0A8ED4A-423A-43EF-A69C-B98D2E509920}.Release|x86.ActiveCfg = Release|Win32
		{F0A8ED4A-423A-43EF-A69C-B98D2E509920}.Release|x86.Build.0 = Release|Win32
		{B6EF1AA1-9D77-438D-ADF6-8DD131D2FB8B}.Debug|x64.ActiveCfg = Debug|x64
		{B6EF1AA1-9D77-438D-ADF6-8DD131D2FB8B}.Debug|x64.Build.0 = Debug|x64
		{B6EF1AA1-9D77-438D-ADF6-8DD131D2FB8B}.Debug|x86.ActiveCfg = Debug|Win32
		{B6EF1AA1-9D77-438D-ADF6-8DD131D2FB8B}.Debug|x86.Build.0 = Debug|Win32
		{B6EF1AA1-9D77-438D-ADF6-8DD131D2FB8B}.Release|x64.ActiveCfg = Release|x64
		{B6EF1AA1-9D77-438D-ADF6-8DD131D2FB8B}.Release|x64.Build.0 = Release|x64
		{B6EF1AA1-9D77-438D-ADF6-8DD131D2FB8B}.Release|x86.ActiveCfg = Release|Win32
		{B6EF1AA1-9D77-438D-ADF6-8DD131D2FB8B}.Release|x86.Build.0 = Release|Win32
		{1EC67FCE-EEFA-40C5-97DB-4E0D17813A57}.Debug|x64.ActiveCfg = Debug|x64
		{1EC67FCE-EEFA-40C5-97DB-4E0D17813A57}.Debug|x64.Build.0 = Debug|x64
		{1EC67FCE-EEFA-40C5-97DB-4E0D17813A57}.Debug|x86.ActiveCfg = Debug|Win32
		{1EC67FCE-EEFA-40C5-97DB-4E0D17813A57}.Debug|x86.Build.0 = Debug|Win32
		{1EC67FCE-EEFA-40C5-97DB-4E0D17813A57}.Release|x64.ActiveCfg = Release|x64
		{1EC67FCE-EEFA-40C5-97DB-4E0D17813A57}.Release|x64.Build.0 = Release|x64
		{1EC67FCE-EEFA-40C5-97DB-4E0D17813A57}.Release|x86.ActiveCfg = Release|Win32
		{1EC67FCE-EEFA-40C5-97DB-4E0D17813A57}.Release|x86.Build.0 = Release|Win32
		{865D90AB-8B1E-4F31-8632-C384E1B5C284}.Debug|x64.ActiveCfg = Debug|x64
		{865D90AB-8B1E-4F31-8632-C384E1B5C284}.Debug|x64.Build.0 = Debug|x64
		{865D90AB-8B1E-4F31-8632-C384E1B5C284}.Debug|x86.ActiveCfg = Debug|Win32
		{865D90AB-8B1E-4F31-8632-C384E1B5C284}.Debug|x86.Build.0 = Debug|Win32
		{865D90AB-8B1E-4F31-8632-C384E1B5C284}.Release|x64.ActiveCfg = Release|x64
		{865D90AB-8B1E-4F31-8632-C384E1B5C284}.Release|x64.Build.0 = Release|x64
		{865D90AB-8B1E-4F31-8632-C384E1B5C284}.Release|x86.ActiveCfg = Release|Win32
		{865D90AB-8B1E-4F31-8632-C384E1B5C284}.Release|x86.Build.0 = Release|Win32
		{96ED7C21-E9F0-41C4-A12F-E77B9107F723}.Debug|x64.ActiveCfg = Debug|x64
		{96ED7C21-E9F0-41C4-A12F-E77B9107F723}.Debug|x64.Build.0 = Debug|x64
		{96ED7C21-E9F0-41C4-A12F-E77B9107F723}.Debug|x86.ActiveCfg = Debug|Win32
		{96ED7C21-E9F0-41C4-A12F-E77B9107F723}.Debug|x86.Build.0 = Debug|Win32
		{96ED7C21-E9F0-41C4-A12F-E77B9107F723}.Release|x64.ActiveCfg = Release|x64
		{96ED7C21-E9F0-41C4-A12F-E77B9107F723}.Release|x64.Build.0 = Release|x64
		{96ED7C21-E9F0-41C4-A12F-E77B9107F723}.Release|x86.ActiveCfg = Release|Win32
		{96ED7C21-E9F0-41C4-A12F-E77B9107F723}.Release|x86.Build.0 = Release|Win32
		{CF00B0B5-247B-4EF3-AF90-4B9F42DE7B05}.Debug|x64.ActiveCfg = Debug|x64
		{CF00B0B5-247B-4EF3-AF90-4B9F42DE7B05}.Debug|x64.Build.0 = Debug|x64
		{CF00B0B5-247B-4EF3-AF90-4B9F42DE7B05}.Debug|x86.ActiveCfg = Debug|Win32
		{CF00B0B5-247B-4EF3-AF90-4B9F42DE7B05}.Debug|x86.Build.0 = Debug|Win32
		{CF00B0B5-247B-4EF3-AF90-4B9F42DE7B05}.Release|x64.ActiveCfg = Release|x64
		{CF00B0B5-247B-4EF3-AF90-4B9F42DE7B05}.Release|x64.Build.0 = Release|x64
		{CF00B0B5-247B-4EF3-AF90-4B9F42DE7B05}.Release|x86.ActiveCfg = Release|Win32
		{CF00B0B5-247B-4EF3-AF90-4B9F42DE7B05}.Release|x86.Build.0 = Release|Win32
		{CF54D3DC-C293-45CD-961D-46A327A26EBF}.Debug|x64.ActiveCfg = Debug|x64
		{CF54D3DC-C293-45CD-961D-46A327A26EBF}.Debug|x64.Build.0 = Debug|x64
		{CF54D3DC-C293-45CD-961D-46A327A26EBF}.Debug|x86.ActiveCfg = Debug|Win32
		{CF54D3DC-C293-45CD-961D-46A327A26EBF}.Debug|x86.Build.0 = Debug|Win32
		{CF54D3DC-C293-45CD-961D-46A327A26EBF}.Release|x64.ActiveCfg = Release|x64
		{CF54D3DC-C293-45CD-961D-46A327A26EBF}.Release|x64.Build.0 = Release|x64
		{CF54D3DC-C293-45CD-961D-46A327A26EBF}.Release|x86.ActiveCfg = Release|Win32
		{CF54D3DC-C293-45CD-961D-46A327A26EBF}.Release|x86.Build.0 = Release|Win32
		{E299DCB2-BA00-426D-B890-81A81889A491}.Debug|x64.ActiveCfg = Debug|x64
		{E299DCB2-BA00-426D-B890-81A81889A491}.Debug|x64.Build.0 = Debug|x64
		{E299DCB2-BA00-426D-B890-81A81889A491}.Debug|x86.ActiveCfg = Debug|Win32
		{E299DCB2-BA00-426D-B890-81A81889A491}.Debug|x86.Build.0 = Debug|Win32
		{E299DCB2-BA00-426D-B890-81A81889A491}.Release|x64.ActiveCfg = Release|x64
		{E299DCB2-BA00-426D-B890-81A81889A491}.Release|x64.Build.0 = Release|x64
		{E299DCB2-BA00-426D-B890-81A81889A491}.Release|x86.ActiveCfg = Release|Win32
		{E299DCB2-BA00-426D-B890-81A81889A491}.Release|x86.Build.0 = Release|Win32
		{41BE9482-E431-4BB8-BA52-9E5F21688E10}.Debug|x64.ActiveCfg = Debug|x64
		{41BE9482-E431-4BB8-BA52-9E5F21688E10}.Debug|x64.Build.0 = Debug|x64
		{41BE9482-E431-4BB8-BA52-9E5F21688E10}.Debug|x86.ActiveCfg = Debug|Win32
		{41BE9482-E431-4BB8-BA52-9E5F21688E10}.Debug|x86.Build.0 = Debug|Win32
		{41BE9482-E431-4BB8-BA52-9E5F21688E10}.Release|x64.ActiveCfg = Release|x64
		{41BE9482-E431-4BB8-BA52-9E5F21688E10}.Release|x64.Build.0 = Release|x64
		{41BE9482-E431-4BB8-BA52-9E5F21688E10}.Release|x86.ActiveCfg = Release|Win32
		{41BE9482-E431-4BB8-BA52-9E5F21688E10}.Release|x86.Build.0 = Release|Win32
		{1F45C233-C887-43E0-92C3-C75975766979}.Debug|x64.ActiveCfg = Debug|x64
		{1F45C233-C887-43E0-92C3-C75975766979}.Debug|x64.Build.0 = Debug|x64
		{1F45C233-C887-43E0-92C3-C75975766979}.Debug|x86.ActiveCfg = Debug|Win32
		{1F45C233-C887-43E0-92C3-C75975766979}.Debug|x86.Build.0 = Debug|Win32
		{1F45C233-C887-43E0-92C3-C75975766979}.Release|x64.ActiveCfg = Release|x64
		{1F45C233-C887-43E0-92C3-C75975766979}.Release|x64.Build.0 = Release|x64
		{1F45C233-C887-43E0-92C3-C75975766979}.Release|x86.ActiveCfg = Release|Win32
		{1F45C233-C887-43E0-92C3-C75975766979}.Release|x86.Build.0 = Release|Win32
		{7D0E5E70-82FD-4A83-BEF9-88611686E2EB}.Debug|x64.ActiveCfg = Debug|x64
		{7D0E5E70-82FD-4A83-BEF9-88611686E2EB}.Debug|x64.Build.0 = Debug|x64
		{7D0E5E70-82FD-4A83-BEF9-88611686E2EB}.Debug|x86.ActiveCfg = Debug|Win32
		{7D0E5E70-82FD-4A83-BEF9-88611686E2EB}.Debug|x86.Build.0 = Debug|Win32
		{7D0E5E70-82FD-4A83-BEF9-88611686E2EB}.Release|x64.ActiveCfg = Release|x64
		{7D0E5E70-82FD-4A83-BEF9-88611686E2EB}.Release|x64.Build.0 = Release|x64
		{7D0E5E70-82FD-4A83-BEF9-88611686E2EB}.Release|x86.ActiveCfg = Release|Win32
		{7D0E5E70-82FD-4A83-BEF9-88611686E2EB}.Release|x86.Build.0 = Release|Win32
		{21A980DB-0B04-4CE1-A781-A8BB385BFCD9}.Debug|x64.ActiveCfg = Debug|x64
		{21A980DB-0B04-4CE1-A781-A8BB385BFCD9}.Debug|x64.Build.0 = Debug|x64
		{21A980DB-0B04-4CE1-A781-A8BB385BFCD9}.Debug|x86.ActiveCfg = Debug|Win32
		{21A980DB-0B04-4CE1-A781-A8BB385BFCD9}.Debug|x86.Build.0 = Debug|Win32
		{21A980DB-0B04-4CE1-A781-A8BB385BFCD9}.Release|x64.ActiveCfg = Release|x64
		{21A980DB-0B04-4CE1-A781-A8BB385BFCD9}.Release|x64.Build.0 = Release|x64
		{21A980DB-0B04-4CE1-A781-A8BB385BFCD9}.Release|x86.ActiveCfg = Release|Win32
		{21A980DB-0B04-4CE1-A781-A8BB385BFCD9}.Release|x86.Build.0 = Release|Win32
		{8D92B7A3-9383-47E5-8C6A-64F7E4B30FFA}.Debug|x64.ActiveCfg = Debug|x64
		{8D92B7A3-9383-47E5-8C6A-64F7E4B30FFA}.Debug|x64.Build.0 = Debug|x64
		{8D92B7A3-9383-47E5-8C6A-64F7E4B30FFA}.Debug|x86.ActiveCfg = Debug|Win32
		{8D92B7A3-9383-47E5-8C6A-64F7E4B30FFA}.Debug|x86.Build.0 = Debug|Win32
		{8D92B7A3-9383-47E5-8C6A-64F7E4B30FFA}.Release|x64.ActiveCfg = Release|x64
		{8D92B7A3-9383-47E5-8C6A-64F7E4B30FFA}.Release|x64.Build.0 = Release|x64
		{8D92B7A3-9383-47E5-8C6A-64F7E4B30FFA}.Release|x86.ActiveCfg = Release|Win32
		{8D92B7A3-9383-47E5-8C6A-64F7E4B30FFA}.Release|x86.Build.0 = Release|Win32
		{DB8F81BA-BFED-458F-9D0C-B987654D406A}.Debug|x64.ActiveCfg = Debug|x64
		{DB8F81BA-BFED-458F-9D0C-B987654D406A}.Debug|x64.Build.0 = Debug|x64
		{DB8F81BA-BFED-458F-9D0C-B987654D406A}.Debug|x86.ActiveCfg = Debug|Win32
		{DB8F81BA-BFED-458F-9D0C-B987654D406A}.Debug|x86.Build.0 = Debug|Win32
		{DB8F81BA-BFED-458F-9D0C-B987654D406A}.Release|x64.ActiveCfg = Release|x64
		{DB8F81BA-BFED-458F-9D0C-B987654D406A}.Release|x64.Build.0 = Release|x64
		{DB8F81BA-BFED-458F-9D0C-B987654D406A}.Release|x86.ActiveCfg = Release|Win32
		{DB8F81BA-BFED-458F-9D0C-B987654D406A}.Release|x86.Build.0 = Release|Win32
		{1D6705F5-896E-4BBE-A658-D60BCB609707}.Debug|x64.ActiveCfg = Debug|x64
		{1D6705F5-896E-4BBE-A658-D60BCB609707}.Debug|x64.Build.0 = Debug|x64
		{1D6705F5-896E-4BBE-A658-D60BCB609707}.Debug|x86.ActiveCfg = Debug|Win32
		{1D6705F5-896E-4BBE-A658-D60BCB609707}.Debug|x86.Build.0 = Debug|Win32
		{1D6705F5-896E-4BBE-A658-D60BCB609707}.Release|x64.ActiveCfg = Release|x64
		{1D6705F5-896E-4BBE-A658-D60BCB609707}.Release|x64.Build.0 = Release|x64
		{1D6705F5-896E-4BBE-A658-D60BCB609707}.Release|x86.ActiveCfg = Release|Win32
		{1D6705F5-896E-4BBE-A658-D60BCB609707}.Release|x86.Build.0 = Release|Win32
		{2517637D-BB18-4F0B-A3AB-852732C70E32}.Debug|x64.ActiveCfg = Debug|x64
		{2517637D-BB18-4F0B-A3AB-852732C70E32}.Debug|x64.Build.0 = Debug|x64
		{2517637D-BB18-4F0B-A3AB-852732C70E32}.Debug|x86.ActiveCfg = Debug|Win32
		{2517637D-BB18-4F0B-A3AB-852732C70E32}.Debug|x86.Build.0 = Debug|Win32
		{2517637D-BB18-4F0B-A3AB-852732C70E32}.Release|x64.ActiveCfg = Release|x64
		{2517637D-BB18-4F0B-A3AB-852732C70E32}.Release|x64.Build.0 = Release|x64
		{2517637D-BB18-4F0B-A3AB-852732C70E32}.Release|x86.ActiveCfg = Release|Win32
		{2517637D-BB18-4F0B-A3AB-852732C70E32}.Release|x86.Build.0 = Release|Win32
		{87C33784-A4D3-41F2-A274-A10C97A00768}.Debug|x64.ActiveCfg = Debug|x64
		{87C33784-A4D3-41F2-A274-A10C97A00768}.Debug|x64.Build.0 = Debug|x64
		{87C33784-A4D3-41F2-A274-A10C97A00768}.Debug|x86.ActiveCfg = Debug|Win32
		{87C33784-A4D3-41F2-A274-A10C97A00768}.Debug|x86.Build.0 = Debug|Win32
		{87C33784-A4D3-41F2-A274-A10C97A00768}.Release|x64.ActiveCfg = Release|x64
		{87C33784-A4D3-41F2-A274-A10C97A00768}.Release|x64.Build.0 = Release|x64
		{87C33784-A4D3-41F2-A274-A10C97A00768}.Release|x86.ActiveCfg = Release|Win32
		{87C33784-A4D3-41F2-A274-A10C97A00768}.Release|x86.Build.0 = Release|Win32
		{07BEBEDA-41AB-431E-824C-5ECA678E038B}.Debug|x64.ActiveCfg = Debug|x64
		{07BEBEDA-41AB-431E-824C-5ECA678E038B}.Debug|x64.Build.0 = Debug|x64
		{07BEBEDA-41AB-431E-824C-5ECA678E038B}.Debug|x86.ActiveCfg = Debug|Win32
		{07BEBEDA-41AB-431E-824C-5ECA678E038B}.Debug|x86.Build.0 = Debug|Win32
		{07BEBEDA-41AB-431E-824C-5ECA678E038B}.Release|x64.ActiveCfg = Release|x64
		{07BEBEDA-41AB-431E-824C-5ECA678E038B}.Release|x64.Build.0 = Release|x64
		{07BEBEDA-41AB-431E-824C-5ECA678E038B}.Release|x86.ActiveCfg = Release|Win32
		{07BEBEDA-41AB-431E-824C-5ECA678E038B}.Release|x86.Build.0 = Release|Win32
		{821A8F02-4616-4803-9EA6-3A1BA6E3249E}.Debug|x64.ActiveCfg = Debug|x64
		{821A8F02-4616-4803-9EA6-3A1BA6E3249E}.Debug|x64.Build.0 = Debug|x64
		{821A8F02-4616-4803-9EA6-3A1BA6E3249E}.Debug|x86.ActiveCfg = Debug|Win32
		{821A8F02-4616-4803-9EA6-3A1BA6E3249E}.Debug|x86.Build.0 = Debug|Win32
		{821A8F02-4616-4803-9EA6-3A1BA6E3249E}.Release|x64.ActiveCfg = Release|x64
		{821A8F02-4616-4803-9EA6-3A1BA6E3249E}.Release|x64.Build.0 = Release|x64
		{821A8F02-4616-4803-9EA6-3A1BA6E3249E}.Release|x86.ActiveCfg = Release|Win32
		{821A8F02-4616-4803-9EA6-3A1BA6E3249E}.Release|x86.Build.0 = Release|Win32
		{D3036DDF-A6F0-4B8A-836E-93069EDD4E5D}.Debug|x64.ActiveCfg = Debug|x64
		{D3036DDF-A6F0-4B8A-836E-93069EDD4E5D}.Debug|x64.Build.0 = Debug|x64
		{D3036DDF-A6F0-4B8A-836E-93069EDD4E5D}.Debug|x86.ActiveCfg = Debug|Win32
		{D3036DDF-A6F0-4B8A-836E-93069EDD4E5D}.Debug|x86.Build.0 = Debug|Win32
		{D3036DDF-A6F0-4B8A-836E-93069EDD4E5D}.Release|x64.ActiveCfg = Release|x64
		{D3036DDF-A6F0-4B8A-836E-93069EDD4E5D}.Release|x64.Build.0 = Release|x64
		{D3036DDF-A6F0-4B8A-836E-93069EDD4E5D}.Release|x86.ActiveCfg = Release|Win32
		{D3036DDF-A6F0-4B8A-836E-93069EDD4E5D}.Release|x86.Build.0 = Release|Win32
		{96F12454-B825-4AD5-8010-EF79D59F3F22}.Debug|x64.ActiveCfg = Debug|x64
		{96F12454-B825-4AD5-8010-EF79D59F3F22}.Debug|x64.Build.0 = Debug|x64
		{96F12454-B825-4AD5-8010-EF79D59F3F22}.Debug|x86.ActiveCfg = Debug|Win32
		{96F12454-B825-4AD5-8010-EF79D59F3F22}.Debug|x86.Build.0 = Debug|Win32
		{96F12454-B825-4AD5-8010-EF79D59F3F22}.Release|x64.ActiveCfg = Release|x64
		{96F12454-B825-4AD5-8010-EF79D59F3F22}.Release|x64.Build.0 = Release|x64
		{96F12454-B825-4AD5-8010-EF79D59F3F22}.Release|x86.ActiveCfg = Release|Win32
		{96F12454-B825-4AD5-8010-EF79D59F3F22}.Release|x86.Build.0 = Release|Win32
		{E8DB3151-EAEC-4166-8CA2-BA116A05C828}.Debug|x64.ActiveCfg = Debug|x64
		{E8DB3151-EAEC-4166-8CA2-BA116A05C828}.Debug|x64.Build.0 = Debug|x64
		{E8DB3151-EAEC-4166-8CA2-BA116A05C828}.Debug|x86.ActiveCfg = Debug|Win32
		{E8DB3151-EAEC-4166-8CA2-BA116A05C828}.Debug|x86.Build.0 = Debug|Win32
		{E8DB3151-EAEC-4166-8CA2-BA116A05C828}.Release|x64.ActiveCfg = Release|x64
		{E8DB3151-EAEC-4166-8CA2-BA116A05C828}.Release|x64.Build.0 = Release|x64
		{E8DB3151-EAEC-4166-8CA2-BA116A05C828}.Release|x86.ActiveCfg = Release|Win32
		{E8DB3151-EAEC-4166-8CA2-BA116A05C828}.Release|x86.Build.0 = Release|Win32
		{76426306-500A-4FA1-B986-F07580266BF5}.Debug|x64.ActiveCfg = Debug|x64
		{76426306-500A-4FA1-B986-F07580266BF5}.Debug|x64.Build.0 = Debug|x64
		{76426306-500A-4FA1-B986-F07580266BF5}.Debug|x86.ActiveCfg = Debug|Win32
		{76426306-500A-4FA1-B986-F07580266BF5}.Debug|x86.Build.0 = Debug|Win32
		{76426306-500A-4FA1-B986-F07580266BF5}.Release|x64.ActiveCfg = Release|x64
		{76426306-500A-4FA1-B986-F07580266BF5}.Release|x64.Build.0 = Release|x64
		{76426306-500A-4FA1-B986-F07580266BF5}.Release|x86.ActiveCfg = Release|Win32
		{76426306-500A-4FA1-B986-F07580266BF5}.Release|x86.Build.0 = Release|Win32
		{90F5FE7E-175A-4E3A-9A9E-39318F2DAA60}.Debug|x64.ActiveCfg = Debug|x64
		{90F5FE7E-175A-4E3A-9A9E-39318F2DAA60}.Debug|x64.Build.0 = Debug|x64
		{90F5FE7E-175A-4E3A-9A9E-39318F2DAA60}.Debug|x86.ActiveCfg = Debug|Win32
		{90F5FE7E-175A-4E3A-9A9E-39318F2DAA60}.Debug|x86.Build.0 = Debug|Win32
		{90F5FE7E-175A-4E3A-9A9E-39318F2DAA60}.Release|x64.ActiveCfg = Release|x64
		{90F5FE7E-175A-4E3A-9A9E-39318F2DAA60}.Release|x64.Build.0 = Release|x64
		{90F5FE7E-175A-4E3A-9A9E-39318F2DAA60}.Release|x86.ActiveCfg = Release|Win32
		{90F5FE7E-175A-4E3A-9A9E-39318F2DAA60}.Release|x86.Build.0 = Release|Win32
		{371D3444-184C-4BD7-B2D1-BED93AC83C26}.Debug|x64.ActiveCfg = Debug|x64
		{371D3444-184C-4BD7-B2D1-BED93AC83C26}.Debug|x64.Build.0 = Debug|x64
		{371D3444-184C-4BD7-B2D1-BED93AC83C26}.Debug|x86.ActiveCfg = Debug|Win32
		{371D3444-184C-4BD7-B2D1-BED93AC83C26}.Debug|x86.Build.0 = Debug|Win32
		{371D3444-184C-4BD7-B2D1-BED93AC83C26}.Release|x64.ActiveCfg = Release|x64
		{371D3444-184C-4BD7-B2D1-BED93AC83C26}.Release|x64.Build.0 = Release|x64
		{371D3444-184C-4BD7-B2D1-BED93AC83C26}.Release|x86.ActiveCfg = Release|Win32
		{371D3444-184C-4BD7-B2D1-BED93AC83C26}.Release|x86.Build.0 = Release|Win32
		{F107A6C2-28EB-4E9E-BD71-F16D634CDA9C}.Debug|x64.ActiveCfg = Debug|x64
		{F107A6C2-28EB-4E9E-BD71-F16D634CDA9C}.Debug|x64.Build.0 = Debug|x64
		{F107A6C2-28EB-4E9E-BD71-F16D634CDA9C}.Debug|x86.ActiveCfg = Debug|Win32
		{F107A6C2-28EB-4E9E-BD71-F16D634CDA9C}.Debug|x86.Build.0 = Debug|Win32
		{F107A6C2-28EB-4E9E-BD71-F16D634CDA9C}.Release|x64.ActiveCfg = Release|x64
		{F107A6C2-28EB-4E9E-BD71-F16D634CDA9C}.Release|x64.Build.0 = Release|x64
		{F107A6C2-28EB-4E9E-BD71-F16D634CDA9C}.Release|x86.ActiveCfg = Release|Win32
		{F107A6C2-28EB-4E9E-BD71-F16D634CDA9C}.Release|x86.Build.0 = Release|Win32
		{CE4EB31E-AC33-4D45-8848-08B96858896A}.Debug|x64.ActiveCfg = Debug|x64
		{CE4EB31E-AC33-4D45-8848-08B96858896A}.Debug|x64.Build.0 = Debug|x64
		{CE4EB31E-AC33-4D45-8848-08B96858896A}.Debug|x86.ActiveCfg = Debug|Win32
		{CE4EB31E-AC33-4D45-8848-08B96858896A}.Debug|x86.Build.0 = Debug|Win32
		{CE4EB31E-AC33-4D45-8848-08B96858896A}.Release|x64.ActiveCfg = Release|x64
		{CE4EB31E-AC33-4D45-8848-08B96858896A}.Release|x64.Build.0 = Release|x64
		{CE4EB31E-AC33-4D45-8848-08B96858896A}.Release|x86.ActiveCfg = Release|Win32
		{CE4EB31E-AC33-4D45-8848-08B96858896A}.Release|x86.Build.0 = Release|Win32
		{EAFFF950-FF11-4537-9CA1-B3F1232413CC}.Debug|x64.ActiveCfg = Debug|x64
		{EAFFF950-FF11-4537-9CA1-B3F1232413CC}.Debug|x64.Build.0 = Debug|x64
		{EAFFF950-FF11-4537-9CA1-B3F1232413CC}.Debug|x86.ActiveCfg = Debug|Win32
		{EAFFF950-FF11-4537-9CA1-B3F1232413CC}.Debug|x86.Build.0 = Debug|Win32
		{EAFFF950-FF11-4537-9CA1-B3F1232413CC}.Release|x64.ActiveCfg = Release|x64
		{EAFFF950-FF11-4537-9CA1-B3F1232413CC}.Release|x64.Build.0 = Release|x64
		{EAFFF950-FF11-4537-9CA1-B3F1232413CC}.Release|x86.ActiveCfg = Release|Win32
		{EAFFF950-FF11-4537-9CA1-B3F1232413CC}.Release|x86.Build.0 = Release|Win32
		{36C90F07-4A0D-43F5-8DDE-925C2A00D26B}.Debug|x64.ActiveCfg = Debug|x64
		{36C90F07-4A0D-43F5-8DDE-925C2A00D26B}.Debug|x64.Build.0 = Debug|x64
		{36C90F07-4A0D-43F5-8DDE-925C2A00D26B}.Debug|x86.ActiveCfg = Debug|Win32
		{36C90F07-4A0D-43F5-8DDE-925C2A00D26B}.Debug|x86.Build.0 = Debug|Win32
		{36C90F07-4A0D-43F5-8DDE-925C2A00D26B}.Release|x64.ActiveCfg = Release|x64
		{36C90F07-4A0D-43F5-8DDE-925C2A00D26B}.Release|x64.Build.0 = Release|x64
		{36C90F07-4A0D-43F5-8DDE-925C2A00D26B}.Release|x86.ActiveCfg = Release|Win32
		{36C90F07-4A0D-43F5-8DDE-925C2A00D26B}.Release|x86.Build.0 = Release|Win32
		{28330B69-6875-4EC8-807E-BB4566B62007}.Debug|x64.ActiveCfg = Debug|x64
		{28330B69-6875-4EC8-807E-BB4566B62007}.Debug|x64.Build.0 = Debug|x64
		{28330B69-6875-4EC8-807E-BB4566B62007}.Debug|x86.ActiveCfg = Debug|Win32
		{28330B69-6875-4EC8-807E-BB4566B62007}.Debug|x86.Build.0 = Debug|Win32
		{28330B69-6875-4EC8-807E-BB4566B62007}.Release|x64.ActiveCfg = Release|x64
		{28330B69-6875-4EC8-807E-BB4566B62007}.Release|x64.Build.0 = Release|x64
		{28330B69-6875-4EC8-807E-BB4566B62007}.Release|x86.ActiveCfg = Release|Win32
		{28330B69-6875-4EC8-807E-BB4566B62007}.Release|x86.Build.0 = Release|Win32
		{BE0D60B1-F1FD-4A10-82F1-FAF7B82BC7B8}.Debug|x64.ActiveCfg = Debug|x64
		{BE0D60B1-F1FD-4A10-82F1-FAF7B82BC7B8}.Debug|x64.Build.0 = Debug|x64
		{BE0D60B1-F1FD-4A10-82F1-FAF7B82BC7B8}.Debug|x86.ActiveCfg = Debug|Win32
		{BE0D60B1-F1FD-4A10-82F1-FAF7B82BC7B8}.Debug|x86.Build.0 = Debug|Win32
		{BE0D60B1-F1FD-4A10-82F1-FAF7B82BC7B8}.Release|x64.ActiveCfg = Release|x64
		{BE0D60B1-F1FD-4A10-82F1-FAF7B82BC7B8}.Release|x64.Build.0 = Release|x64
		{BE0D60B1-F1FD-4A10-82F1-FAF7B82BC7B8}.Release|x86.ActiveCfg = Release|Win32
		{BE0D60B1-F1FD-4A10-82F1-FAF7B82BC7B8}.Release|x86.Build.0 = Release|Win32
		{1A0EED02-8698-455A-9AF9-482A12B2173C}.Debug|x64.ActiveCfg = Debug|x64
		{1A0EED02-8698-455A-9AF9-482A12B2173C}.Debug|x64.Build.0 = Debug|x64
		{1A0EED02-8698-455A-9AF9-482A12B2173C}.Debug|x86.ActiveCfg = Debug|Win32
		{1A0EED02-8698-455A-9AF9-482A12B2173C}.Debug|x86.Build.0 = Debug|Win32
		{1A0EED02-8698-455A-9AF9-482A12B2173C}.Release|x64.ActiveCfg = Release|x64
		{1A0EED02-8698-455A-9AF9-482A12B2173C}.Release|x64.Build.0 = Release|x64
		{1A0EED02-8698-455A-9AF9-482A12B2173C}.Release|x86.ActiveCfg = Release|Win32
		{1A0EED02-8698-455A-9AF9-482A12B2173C}.Release|x86.Build.0 = Release|Win32
		{9C121C2A-EAD9-4E6C-80B9-1438FA162F5C}.Debug|x64.ActiveCfg = Debug|x64
		{9C121C2A-EAD9-4E6C-80B9-1438FA162F5C}.Debug|x64.Build.0 = Debug|x64
		{9C121C2A-EAD9-4E6C-80B9-1438FA162F5C}.Debug|x86.ActiveCfg = Debug|Win32
		{9C121C2A-EAD9-4E6C-80B9-1438FA162F5C}.Debug|x86.Build.0 = Debug|Win32
		{9C121C2A-EAD9-4E6C-80B9-1438FA162F5C}.Release|x64.ActiveCfg = Release|x64
		{9C121C2A-EAD9-4E6C-80B9-1438FA162F5C}.Release|x64.Build.0 = Release|x64
		{9C121C2A-EAD9-4E6C-80B9-1438FA162F5C}.Release|x86.ActiveCfg = Release|Win32
		{9C121C2A-EAD9-4E6C-80B9-1438FA162F5C}.Release|x86.Build.0 = Release|Win32
		{8DB51E52-12EA-482F-87D0-45DD03E973F2}.Debug|x64.ActiveCfg = Debug|x64
		{8DB51E52-12EA-482F-87D0-45DD03E973F2}.Debug|x64.Build.0 = Debug|x64
		{8DB51E52-12EA-482F-87D0-45DD03E973F2}.Debug|x86.ActiveCfg = Debug|Win32
		{8DB51E52-12EA-482F-87D0-45DD03E973F2}.Debug|x86.Build.0 = Debug|Win32
		{8DB51E52-12EA-482F-87D0-45DD03E973F2}.Release|x64.ActiveCfg = Release|x64
		{8DB51E52-12EA-482F-87D0-45DD03E973F2}.Release|x64.Build.0 = Release|x64
		{8DB51E52-12EA-482F-87D0-45DD03E973F2}.Release|x86.ActiveCfg = Release|Win32
		{8DB51E52-12EA-482F-87D0-45DD03E973F2}.Release|x86.Build.0 = Release|Win32
		{B8A24C80-0602-47CD-B178-52188FA57DCA}.Debug|x64.ActiveCfg = Debug|x64
		{B8A24C80-0602-47CD-B178-52188FA57DCA}.Debug|x64.Build.0 = Debug|x64
		{B8A24C80-0602-47CD-B178-52188FA57DCA}.Debug|x86.ActiveCfg = Debug|Win32
		{B8A24C80-0602-47CD-B178-52188FA57DCA}.Debug|x86.Build.0 = Debug|Win32
		{B8A24C80-0602-47CD-B178-52188FA57DCA}.Release|x64.ActiveCfg = Release|x64
		{B8A24C80-0602-47CD-B178-52188FA57DCA}.Release|x64.Build.0 = Release|x64
		{B8A24C80-0602-47CD-B178-52188FA57DCA}.Release|x86.ActiveCfg = Release|Win32
		{B8A24C80-0602-47CD-B178-52188FA57DCA}.Release|x86.Build.0 = Release|Win32
	EndGlobalSection
	GlobalSection(SolutionProperties) = preSolution
		HideSolutionNode = FALSE
	EndGlobalSection
	GlobalSection(NestedProjects) = preSolution
		{5B9B5303-DFE5-4091-85F1-C73C4E7E5FA6} = {4013C8F6-D14E-4F7E-8CB5-486B54626258}
		{879264DF-F970-4DCE-B973-7493FBA09AF9} = {4013C8F6-D14E-4F7E-8CB5-486B54626258}
		{1A31248B-727D-4053-9FE2-0034EA6AA978} = {4013C8F6-D14E-4F7E-8CB5-486B54626258}
		{CDF83572-9CA6-4363-9EB9-43EE8118E474} = {4013C8F6-D14E-4F7E-8CB5-486B54626258}
		{A8915E16-ABA6-44E1-9D1C-B072A155B9FF} = {4013C8F6-D14E-4F7E-8CB5-486B54626258}
		{213018BF-C109-4883-9C8D-201ECDF69E3C} = {4013C8F6-D14E-4F7E-8CB5-486B54626258}
		{60E082D4-69CA-430E-A09B-F025899E12F4} = {9AAC3CD5-7BBD-4F87-AED2-A9DD99111FA0}
		{637F3F26-8B84-4E42-89CF-6997C9DB993B} = {9AAC3CD5-7BBD-4F87-AED2-A9DD99111FA0}
		{D723F454-F929-4968-BC96-8BF1CD44419C} = {9AAC3CD5-7BBD-4F87-AED2-A9DD99111FA0}
		{7F160283-8548-4BDB-8F44-47A5FD8E47D3} = {9AAC3CD5-7BBD-4F87-AED2-A9DD99111FA0}
		{F8C9605F-2A7B-4C69-8C66-0E599F6DD807} = {9AAC3CD5-7BBD-4F87-AED2-A9DD99111FA0}
		{243F33FE-9AE9-41E1-AF79-0EBBD0A7DAFD} = {5AADE9A7-04FE-4533-969B-32F8C539B34E}
		{462C8A4F-760F-4730-8F95-FBB88CE46D8D} = {5AADE9A7-04FE-4533-969B-32F8C539B34E}
		{DDEE9A3D-D4E7-469F-88D9-0A363CA5AA01} = {5AADE9A7-04FE-4533-969B-32F8C539B34E}
		{FD6AFF3E-B075-4B44-99BF-9AB825E93694} = {5AADE9A7-04FE-4533-969B-32F8C539B34E}
		{311CA9E2-49FB-4657-8A82-37950A0B2C4B} = {5AADE9A7-04FE-4533-969B-32F8C539B34E}
		{3D26AEAE-49DC-4503-B578-73C4EEF4B0FF} = {5AADE9A7-04FE-4533-969B-32F8C539B34E}
		{EDF8894E-4051-4284-BB65-7B1666067810} = {5AADE9A7-04FE-4533-969B-32F8C539B34E}
		{43E14881-0299-4C3D-B1CA-4C74B233DB3D} = {5AADE9A7-04FE-4533-969B-32F8C539B34E}
		{2062DE28-0CAA-414A-BFE0-DB2EAE034BF2} = {5AADE9A7-04FE-4533-969B-32F8C539B34E}
		{0B9607CA-7D30-4A4F-92C5-942EE7E83BC9} = {5AADE9A7-04FE-4533-969B-32F8C539B34E}
		{F0A8ED4A-423A-43EF-A69C-B98D2E509920} = {FA7D839F-F967-4A09-BC87-487C36ABA0DA}
		{B6EF1AA1-9D77-438D-ADF6-8DD131D2FB8B} = {FA7D839F-F967-4A09-BC87-487C36ABA0DA}
		{1EC67FCE-EEFA-40C5-97DB-4E0D17813A57} = {FA7D839F-F967-4A09-BC87-487C36ABA0DA}
		{865D90AB-8B1E-4F31-8632-C384E1B5C284} = {FA7D839F-F967-4A09-BC87-487C36ABA0DA}
		{96ED7C21-E9F0-41C4-A12F-E77B9107F723} = {FA7D839F-F967-4A09-BC87-487C36ABA0DA}
		{CF00B0B5-247B-4EF3-AF90-4B9F42DE7B05} = {FA7D839F-F967-4A09-BC87-487C36ABA0DA}
		{CF54D3DC-C293-45CD-961D-46A327A26EBF} = {FA7D839F-F967-4A09-BC87-487C36ABA0DA}
		{E299DCB2-BA00-426D-B890-81A81889A491} = {FA7D839F-F967-4A09-BC87-487C36ABA0DA}
		{41BE9482-E431-4BB8-BA52-9E5F21688E10} = {FA7D839F-F967-4A09-BC87-487C36ABA0DA}
		{1F45C233-C887-43E0-92C3-C75975766979} = {FA7D839F-F967-4A09-BC87-487C36ABA0DA}
		{7D0E5E70-82FD-4A83-BEF9-88611686E2EB} = {FA7D839F-F967-4A09-BC87-487C36ABA0DA}
		{21A980DB-0B04-4CE1-A781-A8BB385BFCD9} = {CB8B569C-48A0-432A-97B4-F9CC9A9DDDA4}
		{8D92B7A3-9383-47E5-8C6A-64F7E4B30FFA} = {CB8B569C-48A0-432A-97B4-F9CC9A9DDDA4}
		{DB8F81BA-BFED-458F-9D0C-B987654D406A} = {CB8B569C-48A0-432A-97B4-F9CC9A9DDDA4}
		{1D6705F5-896E-4BBE-A658-D60BCB609707} = {CB8B569C-48A0-432A-97B4-F9CC9A9DDDA4}
		{2517637D-BB18-4F0B-A3AB-852732C70E32} = {CB8B569C-48A0-432A-97B4-F9CC9A9DDDA4}
		{87C33784-A4D3-41F2-A274-A10C97A00768} = {CB8B569C-48A0-432A-97B4-F9CC9A9DDDA4}
		{07BEBEDA-41AB-431E-824C-5ECA678E038B} = {CB8B569C-48A0-432A-97B4-F9CC9A9DDDA4}
		{821A8F02-4616-4803-9EA6-3A1BA6E3249E} = {CB8B569C-48A0-432A-97B4-F9CC9A9DDDA4}
		{D3036DDF-A6F0-4B8A-836E-93069EDD4E5D} = {CB8B569C-48A0-432A-97B4-F9CC9A9DDDA4}
		{96F12454-B825-4AD5-8010-EF79D59F3F22} = {E5E3A97A-63D1-4647-A890-C4DEEF3F4C96}
		{E8DB3151-EAEC-4166-8CA2-BA116A05C828} = {E5E3A97A-63D1-4647-A890-C4DEEF3F4C96}
		{76426306-500A-4FA1-B986-F07580266BF5} = {E5E3A97A-63D1-4647-A890-C4DEEF3F4C96}
		{90F5FE7E-175A-4E3A-9A9E-39318F2DAA60} = {E5E3A97A-63D1-4647-A890-C4DEEF3F4C96}
		{371D3444-184C-4BD7-B2D1-BED93AC83C26} = {E5E3A97A-63D1-4647-A890-C4DEEF3F4C96}
		{F107A6C2-28EB-4E9E-BD71-F16D634CDA9C} = {E5E3A97A-63D1-4647-A890-C4DEEF3F4C96}
		{CE4EB31E-AC33-4D45-8848-08B96858896A} = {E5E3A97A-63D1-4647-A890-C4DEEF3F4C96}
		{EAFFF950-FF11-4537-9CA1-B3F1232413CC} = {E5E3A97A-63D1-4647-A890-C4DEEF3F4C96}
		{36C90F07-4A0D-43F5-8DDE-925C2A00D26B} = {E5E3A97A-63D1-4647-A890-C4DEEF3F4C96}
		{28330B69-6875-4EC8-807E-BB4566B62007} = {E5E3A97A-63D1-4647-A890-C4DEEF3F4C96}
		{BE0D60B1-F1FD-4A10-82F1-FAF7B82BC7B8} = {E9D23A47-AC44-49AE-A9F7-BE60379BC59F}
		{1A0EED02-8698-455A-9AF9-482A12B2173C} = {E9D23A47-AC44-49AE-A9F7-BE60379BC59F}
		{9C121C2A-EAD9-4E6C-80B9-1438FA162F5C} = {5864328C-F6C5-4E80-97FF-6388C1618683}
		{8DB51E52-12EA-482F-87D0-45DD03E973F2} = {5864328C-F6C5-4E80-97FF-6388C1618683}
		{B8A24C80-0602-47CD-B178-52188FA57DCA} = {5864328C-F6C5-4E80-97FF-6388C1618683}
	EndGlobalSection
	GlobalSection(ExtensibilityGlobals) = postSolution
		SolutionGuid = {25627FA2-3C43-4D63-880F-78A06F1B22AD}
	EndGlobalSection
EndGlobal
